
Microsoft Visual Studio Solution File, Format Version 12.00
# Visual Studio 14
VisualStudioVersion = 14.0.24720.0
MinimumVisualStudioVersion = 10.0.40219.1
Project("{2150E333-8FDC-42A3-9474-1A3956D46DE8}") = "src", "src", "{5ED41BD9-609F-49EB-9DB2-F598929F91F0}"
EndProject
Project("{2150E333-8FDC-42A3-9474-1A3956D46DE8}") = "Solution Items", "Solution Items", "{FFC23B33-4F0E-4192-8E9F-40C1867F792A}"
	ProjectSection(SolutionItems) = preProject
		global.json = global.json
	EndProjectSection
EndProject
Project("{8BB2217D-0F2D-49D1-97BC-3654ED321F3B}") = "DiyCmWebAPI", "src\DiyCmWebAPI\DiyCmWebAPI.xproj", "{3C64868A-83F9-4901-8897-EC4AADB9D546}"
EndProject
Project("{8BB2217D-0F2D-49D1-97BC-3654ED321F3B}") = "DiyCmWeb", "src\DiyCmWeb\DiyCmWeb.xproj", "{F349EB4E-F454-4CDD-A2A8-EE59EB7D3440}"
EndProject
Project("{8BB2217D-0F2D-49D1-97BC-3654ED321F3B}") = "DiyCmDataModel", "src\DiyCmDataModel\DiyCmDataModel.xproj", "{BFB83CE7-0329-44B6-8D91-EE19CB787D01}"
EndProject
Project("{8BB2217D-0F2D-49D1-97BC-3654ED321F3B}") = "DiyCmWebApi.Test", "test\DiyCmWebApi.Test\DiyCmWebApi.Test.xproj", "{49483157-5727-42E3-886B-21A87D3210DA}"
EndProject
Project("{2150E333-8FDC-42A3-9474-1A3956D46DE8}") = "test", "test", "{03022AE7-AD1A-4E03-85BD-A457111FB4D9}"
EndProject
Project("{8BB2217D-0F2D-49D1-97BC-3654ED321F3B}") = "DiyCmDataModel.Test", "test\DiyCmDataModel.Test\DiyCmDataModel.Test.xproj", "{7F07F57D-C387-4781-AA89-FF881E0CACAF}"
EndProject
Global
	GlobalSection(SolutionConfigurationPlatforms) = preSolution
		Debug|Any CPU = Debug|Any CPU
		Release|Any CPU = Release|Any CPU
	EndGlobalSection
	GlobalSection(ProjectConfigurationPlatforms) = postSolution
		{3C64868A-83F9-4901-8897-EC4AADB9D546}.Debug|Any CPU.ActiveCfg = Debug|Any CPU
		{3C64868A-83F9-4901-8897-EC4AADB9D546}.Debug|Any CPU.Build.0 = Debug|Any CPU
		{3C64868A-83F9-4901-8897-EC4AADB9D546}.Release|Any CPU.ActiveCfg = Release|Any CPU
		{3C64868A-83F9-4901-8897-EC4AADB9D546}.Release|Any CPU.Build.0 = Release|Any CPU
		{F349EB4E-F454-4CDD-A2A8-EE59EB7D3440}.Debug|Any CPU.ActiveCfg = Debug|Any CPU
		{F349EB4E-F454-4CDD-A2A8-EE59EB7D3440}.Debug|Any CPU.Build.0 = Debug|Any CPU
		{F349EB4E-F454-4CDD-A2A8-EE59EB7D3440}.Release|Any CPU.ActiveCfg = Release|Any CPU
		{F349EB4E-F454-4CDD-A2A8-EE59EB7D3440}.Release|Any CPU.Build.0 = Release|Any CPU
		{BFB83CE7-0329-44B6-8D91-EE19CB787D01}.Debug|Any CPU.ActiveCfg = Debug|Any CPU
		{BFB83CE7-0329-44B6-8D91-EE19CB787D01}.Debug|Any CPU.Build.0 = Debug|Any CPU
		{BFB83CE7-0329-44B6-8D91-EE19CB787D01}.Release|Any CPU.ActiveCfg = Release|Any CPU
		{BFB83CE7-0329-44B6-8D91-EE19CB787D01}.Release|Any CPU.Build.0 = Release|Any CPU
		{49483157-5727-42E3-886B-21A87D3210DA}.Debug|Any CPU.ActiveCfg = Debug|Any CPU
		{49483157-5727-42E3-886B-21A87D3210DA}.Debug|Any CPU.Build.0 = Debug|Any CPU
		{49483157-5727-42E3-886B-21A87D3210DA}.Release|Any CPU.ActiveCfg = Release|Any CPU
		{49483157-5727-42E3-886B-21A87D3210DA}.Release|Any CPU.Build.0 = Release|Any CPU
		{7F07F57D-C387-4781-AA89-FF881E0CACAF}.Debug|Any CPU.ActiveCfg = Debug|Any CPU
		{7F07F57D-C387-4781-AA89-FF881E0CACAF}.Debug|Any CPU.Build.0 = Debug|Any CPU
		{7F07F57D-C387-4781-AA89-FF881E0CACAF}.Release|Any CPU.ActiveCfg = Release|Any CPU
		{7F07F57D-C387-4781-AA89-FF881E0CACAF}.Release|Any CPU.Build.0 = Release|Any CPU
	EndGlobalSection
	GlobalSection(SolutionProperties) = preSolution
		HideSolutionNode = FALSE
	EndGlobalSection
	GlobalSection(NestedProjects) = preSolution
		{3C64868A-83F9-4901-8897-EC4AADB9D546} = {5ED41BD9-609F-49EB-9DB2-F598929F91F0}
		{F349EB4E-F454-4CDD-A2A8-EE59EB7D3440} = {5ED41BD9-609F-49EB-9DB2-F598929F91F0}
		{BFB83CE7-0329-44B6-8D91-EE19CB787D01} = {5ED41BD9-609F-49EB-9DB2-F598929F91F0}
		{49483157-5727-42E3-886B-21A87D3210DA} = {03022AE7-AD1A-4E03-85BD-A457111FB4D9}
		{7F07F57D-C387-4781-AA89-FF881E0CACAF} = {03022AE7-AD1A-4E03-85BD-A457111FB4D9}
	EndGlobalSection
EndGlobal
